
Microsoft Visual Studio Solution File, Format Version 12.00
# Visual Studio Version 16
VisualStudioVersion = 16.0.31129.286
MinimumVisualStudioVersion = 10.0.40219.1
Project("{FAE04EC0-301F-11D3-BF4B-00C04F79EFBC}") = "WeatherMicroSvc", "WeatherMicroSvc.csproj", "{606F87D0-3DEB-4D53-A87B-08A1E323A1DA}"
EndProject
Global
	GlobalSection(SolutionConfigurationPlatforms) = preSolution
		Debug|Any CPU = Debug|Any CPU
		Release|Any CPU = Release|Any CPU
	EndGlobalSection
	GlobalSection(ProjectConfigurationPlatforms) = postSolution
		{606F87D0-3DEB-4D53-A87B-08A1E323A1DA}.Debug|Any CPU.ActiveCfg = Debug|Any CPU
		{606F87D0-3DEB-4D53-A87B-08A1E323A1DA}.Debug|Any CPU.Build.0 = Debug|Any CPU
		{606F87D0-3DEB-4D53-A87B-08A1E323A1DA}.Release|Any CPU.ActiveCfg = Release|Any CPU
		{606F87D0-3DEB-4D53-A87B-08A1E323A1DA}.Release|Any CPU.Build.0 = Release|Any CPU
	EndGlobalSection
	GlobalSection(SolutionProperties) = preSolution
		HideSolutionNode = FALSE
	EndGlobalSection
	GlobalSection(ExtensibilityGlobals) = postSolution
		SolutionGuid = {219AD661-F738-45A3-869F-37CFBABFE159}
	EndGlobalSection
EndGlobal
